
Microsoft Visual Studio Solution File, Format Version 12.00
# Visual Studio 15
VisualStudioVersion = 15.0.26430.12
MinimumVisualStudioVersion = 10.0.40219.1
Project("{FAE04EC0-301F-11D3-BF4B-00C04F79EFBC}") = "HelloWorldShell", "HelloWorldShell\HelloWorldShell.csproj", "{B71060E6-6B99-40AA-84A8-7C14E3EC396D}"
EndProject
Project("{FAE04EC0-301F-11D3-BF4B-00C04F79EFBC}") = "HelloWorldModule", "HelloWorldModule\HelloWorldModule.csproj", "{266AE185-7EEB-45AD-B82D-C5C93142738B}"
EndProject
Global
	GlobalSection(SolutionConfigurationPlatforms) = preSolution
		Debug|Any CPU = Debug|Any CPU
		Release|Any CPU = Release|Any CPU
	EndGlobalSection
	GlobalSection(ProjectConfigurationPlatforms) = postSolution
		{B71060E6-6B99-40AA-84A8-7C14E3EC396D}.Debug|Any CPU.ActiveCfg = Debug|Any CPU
		{B71060E6-6B99-40AA-84A8-7C14E3EC396D}.Debug|Any CPU.Build.0 = Debug|Any CPU
		{B71060E6-6B99-40AA-84A8-7C14E3EC396D}.Release|Any CPU.ActiveCfg = Release|Any CPU
		{B71060E6-6B99-40AA-84A8-7C14E3EC396D}.Release|Any CPU.Build.0 = Release|Any CPU
		{266AE185-7EEB-45AD-B82D-C5C93142738B}.Debug|Any CPU.ActiveCfg = Debug|Any CPU
		{266AE185-7EEB-45AD-B82D-C5C93142738B}.Debug|Any CPU.Build.0 = Debug|Any CPU
		{266AE185-7EEB-45AD-B82D-C5C93142738B}.Release|Any CPU.ActiveCfg = Release|Any CPU
		{266AE185-7EEB-45AD-B82D-C5C93142738B}.Release|Any CPU.Build.0 = Release|Any CPU
	EndGlobalSection
	GlobalSection(SolutionProperties) = preSolution
		HideSolutionNode = FALSE
	EndGlobalSection
EndGlobal
